
Microsoft Visual Studio Solution File, Format Version 12.00
# Visual Studio Version 17
VisualStudioVersion = 17.9.34728.123
MinimumVisualStudioVersion = 10.0.40219.1
Project("{FAE04EC0-301F-11D3-BF4B-00C04F79EFBC}") = "AbstractClassesAndMethods", "AbstractClassesAndMethods\AbstractClassesAndMethods.csproj", "{CFEB7C23-9075-46DD-9764-BD47468EEE78}"
EndProject
Global
	GlobalSection(SolutionConfigurationPlatforms) = preSolution
		Debug|Any CPU = Debug|Any CPU
		Release|Any CPU = Release|Any CPU
	EndGlobalSection
	GlobalSection(ProjectConfigurationPlatforms) = postSolution
		{CFEB7C23-9075-46DD-9764-BD47468EEE78}.Debug|Any CPU.ActiveCfg = Debug|Any CPU
		{CFEB7C23-9075-46DD-9764-BD47468EEE78}.Debug|Any CPU.Build.0 = Debug|Any CPU
		{CFEB7C23-9075-46DD-9764-BD47468EEE78}.Release|Any CPU.ActiveCfg = Release|Any CPU
		{CFEB7C23-9075-46DD-9764-BD47468EEE78}.Release|Any CPU.Build.0 = Release|Any CPU
	EndGlobalSection
	GlobalSection(SolutionProperties) = preSolution
		HideSolutionNode = FALSE
	EndGlobalSection
	GlobalSection(ExtensibilityGlobals) = postSolution
		SolutionGuid = {A28774EE-763E-4002-B751-B5D515E8287B}
	EndGlobalSection
EndGlobal
